
Microsoft Visual Studio Solution File, Format Version 12.00
# Visual Studio Version 17
VisualStudioVersion = 17.11.35303.130
MinimumVisualStudioVersion = 10.0.40219.1
Project("{2150E333-8FDC-42A3-9474-1A3956D46DE8}") = "src", "src", "{0B0B6534-7C18-4DCC-A417-E9EB3CB1C218}"
EndProject
Project("{9A19103F-16F7-4668-BE54-9A1E7A4F7556}") = "AIToolbox", "src\AIToolbox\AIToolbox.csproj", "{A31DF23C-56C6-4E11-980F-61D2786232C7}"
EndProject
Project("{2150E333-8FDC-42A3-9474-1A3956D46DE8}") = "connectors", "connectors", "{1A1D014D-7DAC-4BA3-8281-FCB90C6E9BA9}"
EndProject
Project("{2150E333-8FDC-42A3-9474-1A3956D46DE8}") = "AI", "AI", "{ED8D027E-868F-4B0F-948A-CCCE6A41412D}"
EndProject
Project("{2150E333-8FDC-42A3-9474-1A3956D46DE8}") = "Memory", "Memory", "{96651845-9E49-4688-8D14-5B7DEB59F018}"
EndProject
Project("{9A19103F-16F7-4668-BE54-9A1E7A4F7556}") = "Connectors.AzureOpenAI", "src\connectors\Connectors.AzureOpenAI\Connectors.AzureOpenAI.csproj", "{0444730A-4BAC-4763-A22C-D0F260856D9B}"
EndProject
Project("{9A19103F-16F7-4668-BE54-9A1E7A4F7556}") = "Connectors.Google", "src\connectors\Connectors.Google\Connectors.Google.csproj", "{66E0EF14-2654-4A55-BB87-4B1C74F7E0A9}"
EndProject
Project("{9A19103F-16F7-4668-BE54-9A1E7A4F7556}") = "Connectors.HuggingFace", "src\connectors\Connectors.HuggingFace\Connectors.HuggingFace.csproj", "{BB5AE8BE-7BE1-4745-B2D8-142450F38120}"
EndProject
Project("{9A19103F-16F7-4668-BE54-9A1E7A4F7556}") = "Connectors.MistralAI", "src\connectors\Connectors.MistralAI\Connectors.MistralAI.csproj", "{5C658001-1103-42F0-B08F-AAAA3C1EFFE2}"
EndProject
Project("{9A19103F-16F7-4668-BE54-9A1E7A4F7556}") = "Connectors.Ollama", "src\connectors\Connectors.Ollama\Connectors.Ollama.csproj", "{3644A938-DE05-40B7-8417-C8B6E5AB6CBA}"
EndProject
Project("{9A19103F-16F7-4668-BE54-9A1E7A4F7556}") = "Connectors.OpenAI", "src\connectors\Connectors.OpenAI\Connectors.OpenAI.csproj", "{B7851507-4D11-4572-9D8A-D01320D370B3}"
EndProject
Project("{9A19103F-16F7-4668-BE54-9A1E7A4F7556}") = "Connectors.AzureAISearch", "src\connectors\Connectors.AzureAISearch\Connectors.AzureAISearch.csproj", "{BEEEC732-9461-4B5B-B4A6-BADEE1653314}"
EndProject
Project("{9A19103F-16F7-4668-BE54-9A1E7A4F7556}") = "Connectors.AzureCosmosDBMongoDB", "src\connectors\Connectors.AzureCosmosDBMongoDB\Connectors.AzureCosmosDBMongoDB.csproj", "{60C41ADF-CC3A-4EC7-A5B8-FC742DB39F8B}"
EndProject
Project("{9A19103F-16F7-4668-BE54-9A1E7A4F7556}") = "Connectors.AzureCosmosDBNoSQL", "src\connectors\Connectors.AzureCosmosDBNoSQL\Connectors.AzureCosmosDBNoSQL.csproj", "{75B12218-9FCC-4804-8FD6-380D83AEC9FF}"
EndProject
Project("{9A19103F-16F7-4668-BE54-9A1E7A4F7556}") = "Connectors.Chroma", "src\connectors\Connectors.Chroma\Connectors.Chroma.csproj", "{C6645A30-9BB5-46B0-A97F-B90A9F6DC77F}"
EndProject
Project("{9A19103F-16F7-4668-BE54-9A1E7A4F7556}") = "Connectors.DuckDB", "src\connectors\Connectors.DuckDB\Connectors.DuckDB.csproj", "{A87AC95F-A67B-4BC8-9CA0-20FC53F32E3A}"
EndProject
Project("{9A19103F-16F7-4668-BE54-9A1E7A4F7556}") = "Connectors.Kusto", "src\connectors\Connectors.Kusto\Connectors.Kusto.csproj", "{9042613D-A752-4C1E-BF1E-3AA2047B3B39}"
EndProject
Project("{9A19103F-16F7-4668-BE54-9A1E7A4F7556}") = "Connectors.Milvus", "src\connectors\Connectors.Milvus\Connectors.Milvus.csproj", "{58FD8631-1780-4179-B06D-DEC2BDC42C76}"
EndProject
Project("{9A19103F-16F7-4668-BE54-9A1E7A4F7556}") = "Connectors.MongoDB", "src\connectors\Connectors.MongoDB\Connectors.MongoDB.csproj", "{8B0C7E37-E179-453A-8D7A-44FEC6F64076}"
EndProject
Project("{9A19103F-16F7-4668-BE54-9A1E7A4F7556}") = "Connectors.Pinecone", "src\connectors\Connectors.Pinecone\Connectors.Pinecone.csproj", "{BE57BDDD-F6EC-46E2-9F85-F096E976C1EC}"
EndProject
Project("{9A19103F-16F7-4668-BE54-9A1E7A4F7556}") = "Connectors.Postgres", "src\connectors\Connectors.Postgres\Connectors.Postgres.csproj", "{95940FB5-9893-48EE-B087-C6337F18822C}"
EndProject
Project("{9A19103F-16F7-4668-BE54-9A1E7A4F7556}") = "Connectors.Qdrant", "src\connectors\Connectors.Qdrant\Connectors.Qdrant.csproj", "{305C4F20-E572-4E8F-A8F1-FA354A82AD22}"
EndProject
Project("{9A19103F-16F7-4668-BE54-9A1E7A4F7556}") = "Connectors.Redis", "src\connectors\Connectors.Redis\Connectors.Redis.csproj", "{45A9A980-F9BE-4C3B-B56C-8F96127BF7C6}"
EndProject
Project("{9A19103F-16F7-4668-BE54-9A1E7A4F7556}") = "Connectors.Sqlite", "src\connectors\Connectors.Sqlite\Connectors.Sqlite.csproj", "{3B93E1F1-622D-43D3-B886-436D53F74AFC}"
EndProject
Project("{9A19103F-16F7-4668-BE54-9A1E7A4F7556}") = "Connectors.SqlServer", "src\connectors\Connectors.SqlServer\Connectors.SqlServer.csproj", "{4D017C56-F6FE-401F-A5A2-928AE0C23A3E}"
EndProject
Project("{9A19103F-16F7-4668-BE54-9A1E7A4F7556}") = "Connectors.Weaviate", "src\connectors\Connectors.Weaviate\Connectors.Weaviate.csproj", "{B92B7711-25B6-49DE-A535-DBB79AA16B63}"
EndProject
Project("{9A19103F-16F7-4668-BE54-9A1E7A4F7556}") = "AIToolbox.DependencyInjection", "src\AIToolbox.DependencyInjection\AIToolbox.DependencyInjection.csproj", "{E3A45199-88BA-4CCE-9C84-FC9DBBA64B37}"
EndProject
Project("{9A19103F-16F7-4668-BE54-9A1E7A4F7556}") = "AIToolbox.Abstractions", "src\AIToolbox.Abstractions\AIToolbox.Abstractions.csproj", "{CB5747B1-5B3D-41FA-9A74-E531F5A26DEE}"
EndProject
Project("{9A19103F-16F7-4668-BE54-9A1E7A4F7556}") = "AIToolbox.DependencyInjection.Abstractions", "src\AIToolbox.DependencyInjection.Abstractions\AIToolbox.DependencyInjection.Abstractions.csproj", "{803E5D21-F194-4BDF-889E-1A6A951BD8ED}"
EndProject
Project("{2150E333-8FDC-42A3-9474-1A3956D46DE8}") = "samples", "samples", "{EFC53EAE-C0FF-40F6-B2D9-A7D953725870}"
EndProject
Project("{9A19103F-16F7-4668-BE54-9A1E7A4F7556}") = "ChatAgentDemo", "samples\ChatAgentDemo\ChatAgentDemo.csproj", "{51F8105A-E69B-4A9B-89B4-1E36AFE1211D}"
EndProject
Project("{2150E333-8FDC-42A3-9474-1A3956D46DE8}") = "tests", "tests", "{109D0193-3161-42E0-A48E-4AA7282AB9F3}"
EndProject
Project("{9A19103F-16F7-4668-BE54-9A1E7A4F7556}") = "Xunit.DependencyInjection", "tests\Xunit.DependencyInjection\Xunit.DependencyInjection.csproj", "{98DA527A-AC26-47B5-BF80-92FAA62D3988}"
EndProject
Project("{9A19103F-16F7-4668-BE54-9A1E7A4F7556}") = "AIToolbox.DependencyInjection.UnitTests", "tests\AIToolbox.DependencyInjection.UnitTests\AIToolbox.DependencyInjection.UnitTests.csproj", "{14513348-A938-4CF8-9FC4-06780BF07C72}"
EndProject
Project("{FAE04EC0-301F-11D3-BF4B-00C04F79EFBC}") = "PersistentChatAgentDemo", "samples\PersistentChatAgentDemo\PersistentChatAgentDemo.csproj", "{722B987B-C972-43A5-920E-02FCE43D7681}"
EndProject
Global
	GlobalSection(SolutionConfigurationPlatforms) = preSolution
		Debug|Any CPU = Debug|Any CPU
		Release|Any CPU = Release|Any CPU
	EndGlobalSection
	GlobalSection(ProjectConfigurationPlatforms) = postSolution
		{A31DF23C-56C6-4E11-980F-61D2786232C7}.Debug|Any CPU.ActiveCfg = Debug|Any CPU
		{A31DF23C-56C6-4E11-980F-61D2786232C7}.Debug|Any CPU.Build.0 = Debug|Any CPU
		{A31DF23C-56C6-4E11-980F-61D2786232C7}.Release|Any CPU.ActiveCfg = Release|Any CPU
		{A31DF23C-56C6-4E11-980F-61D2786232C7}.Release|Any CPU.Build.0 = Release|Any CPU
		{0444730A-4BAC-4763-A22C-D0F260856D9B}.Debug|Any CPU.ActiveCfg = Debug|Any CPU
		{0444730A-4BAC-4763-A22C-D0F260856D9B}.Debug|Any CPU.Build.0 = Debug|Any CPU
		{0444730A-4BAC-4763-A22C-D0F260856D9B}.Release|Any CPU.ActiveCfg = Release|Any CPU
		{0444730A-4BAC-4763-A22C-D0F260856D9B}.Release|Any CPU.Build.0 = Release|Any CPU
		{66E0EF14-2654-4A55-BB87-4B1C74F7E0A9}.Debug|Any CPU.ActiveCfg = Debug|Any CPU
		{66E0EF14-2654-4A55-BB87-4B1C74F7E0A9}.Debug|Any CPU.Build.0 = Debug|Any CPU
		{66E0EF14-2654-4A55-BB87-4B1C74F7E0A9}.Release|Any CPU.ActiveCfg = Release|Any CPU
		{66E0EF14-2654-4A55-BB87-4B1C74F7E0A9}.Release|Any CPU.Build.0 = Release|Any CPU
		{BB5AE8BE-7BE1-4745-B2D8-142450F38120}.Debug|Any CPU.ActiveCfg = Debug|Any CPU
		{BB5AE8BE-7BE1-4745-B2D8-142450F38120}.Debug|Any CPU.Build.0 = Debug|Any CPU
		{BB5AE8BE-7BE1-4745-B2D8-142450F38120}.Release|Any CPU.ActiveCfg = Release|Any CPU
		{BB5AE8BE-7BE1-4745-B2D8-142450F38120}.Release|Any CPU.Build.0 = Release|Any CPU
		{5C658001-1103-42F0-B08F-AAAA3C1EFFE2}.Debug|Any CPU.ActiveCfg = Debug|Any CPU
		{5C658001-1103-42F0-B08F-AAAA3C1EFFE2}.Debug|Any CPU.Build.0 = Debug|Any CPU
		{5C658001-1103-42F0-B08F-AAAA3C1EFFE2}.Release|Any CPU.ActiveCfg = Release|Any CPU
		{5C658001-1103-42F0-B08F-AAAA3C1EFFE2}.Release|Any CPU.Build.0 = Release|Any CPU
		{3644A938-DE05-40B7-8417-C8B6E5AB6CBA}.Debug|Any CPU.ActiveCfg = Debug|Any CPU
		{3644A938-DE05-40B7-8417-C8B6E5AB6CBA}.Debug|Any CPU.Build.0 = Debug|Any CPU
		{3644A938-DE05-40B7-8417-C8B6E5AB6CBA}.Release|Any CPU.ActiveCfg = Release|Any CPU
		{3644A938-DE05-40B7-8417-C8B6E5AB6CBA}.Release|Any CPU.Build.0 = Release|Any CPU
		{B7851507-4D11-4572-9D8A-D01320D370B3}.Debug|Any CPU.ActiveCfg = Debug|Any CPU
		{B7851507-4D11-4572-9D8A-D01320D370B3}.Debug|Any CPU.Build.0 = Debug|Any CPU
		{B7851507-4D11-4572-9D8A-D01320D370B3}.Release|Any CPU.ActiveCfg = Release|Any CPU
		{B7851507-4D11-4572-9D8A-D01320D370B3}.Release|Any CPU.Build.0 = Release|Any CPU
		{BEEEC732-9461-4B5B-B4A6-BADEE1653314}.Debug|Any CPU.ActiveCfg = Debug|Any CPU
		{BEEEC732-9461-4B5B-B4A6-BADEE1653314}.Debug|Any CPU.Build.0 = Debug|Any CPU
		{BEEEC732-9461-4B5B-B4A6-BADEE1653314}.Release|Any CPU.ActiveCfg = Release|Any CPU
		{BEEEC732-9461-4B5B-B4A6-BADEE1653314}.Release|Any CPU.Build.0 = Release|Any CPU
		{60C41ADF-CC3A-4EC7-A5B8-FC742DB39F8B}.Debug|Any CPU.ActiveCfg = Debug|Any CPU
		{60C41ADF-CC3A-4EC7-A5B8-FC742DB39F8B}.Debug|Any CPU.Build.0 = Debug|Any CPU
		{60C41ADF-CC3A-4EC7-A5B8-FC742DB39F8B}.Release|Any CPU.ActiveCfg = Release|Any CPU
		{60C41ADF-CC3A-4EC7-A5B8-FC742DB39F8B}.Release|Any CPU.Build.0 = Release|Any CPU
		{75B12218-9FCC-4804-8FD6-380D83AEC9FF}.Debug|Any CPU.ActiveCfg = Debug|Any CPU
		{75B12218-9FCC-4804-8FD6-380D83AEC9FF}.Debug|Any CPU.Build.0 = Debug|Any CPU
		{75B12218-9FCC-4804-8FD6-380D83AEC9FF}.Release|Any CPU.ActiveCfg = Release|Any CPU
		{75B12218-9FCC-4804-8FD6-380D83AEC9FF}.Release|Any CPU.Build.0 = Release|Any CPU
		{C6645A30-9BB5-46B0-A97F-B90A9F6DC77F}.Debug|Any CPU.ActiveCfg = Debug|Any CPU
		{C6645A30-9BB5-46B0-A97F-B90A9F6DC77F}.Debug|Any CPU.Build.0 = Debug|Any CPU
		{C6645A30-9BB5-46B0-A97F-B90A9F6DC77F}.Release|Any CPU.ActiveCfg = Release|Any CPU
		{C6645A30-9BB5-46B0-A97F-B90A9F6DC77F}.Release|Any CPU.Build.0 = Release|Any CPU
		{A87AC95F-A67B-4BC8-9CA0-20FC53F32E3A}.Debug|Any CPU.ActiveCfg = Debug|Any CPU
		{A87AC95F-A67B-4BC8-9CA0-20FC53F32E3A}.Debug|Any CPU.Build.0 = Debug|Any CPU
		{A87AC95F-A67B-4BC8-9CA0-20FC53F32E3A}.Release|Any CPU.ActiveCfg = Release|Any CPU
		{A87AC95F-A67B-4BC8-9CA0-20FC53F32E3A}.Release|Any CPU.Build.0 = Release|Any CPU
		{9042613D-A752-4C1E-BF1E-3AA2047B3B39}.Debug|Any CPU.ActiveCfg = Debug|Any CPU
		{9042613D-A752-4C1E-BF1E-3AA2047B3B39}.Debug|Any CPU.Build.0 = Debug|Any CPU
		{9042613D-A752-4C1E-BF1E-3AA2047B3B39}.Release|Any CPU.ActiveCfg = Release|Any CPU
		{9042613D-A752-4C1E-BF1E-3AA2047B3B39}.Release|Any CPU.Build.0 = Release|Any CPU
		{58FD8631-1780-4179-B06D-DEC2BDC42C76}.Debug|Any CPU.ActiveCfg = Debug|Any CPU
		{58FD8631-1780-4179-B06D-DEC2BDC42C76}.Debug|Any CPU.Build.0 = Debug|Any CPU
		{58FD8631-1780-4179-B06D-DEC2BDC42C76}.Release|Any CPU.ActiveCfg = Release|Any CPU
		{58FD8631-1780-4179-B06D-DEC2BDC42C76}.Release|Any CPU.Build.0 = Release|Any CPU
		{8B0C7E37-E179-453A-8D7A-44FEC6F64076}.Debug|Any CPU.ActiveCfg = Debug|Any CPU
		{8B0C7E37-E179-453A-8D7A-44FEC6F64076}.Debug|Any CPU.Build.0 = Debug|Any CPU
		{8B0C7E37-E179-453A-8D7A-44FEC6F64076}.Release|Any CPU.ActiveCfg = Release|Any CPU
		{8B0C7E37-E179-453A-8D7A-44FEC6F64076}.Release|Any CPU.Build.0 = Release|Any CPU
		{BE57BDDD-F6EC-46E2-9F85-F096E976C1EC}.Debug|Any CPU.ActiveCfg = Debug|Any CPU
		{BE57BDDD-F6EC-46E2-9F85-F096E976C1EC}.Debug|Any CPU.Build.0 = Debug|Any CPU
		{BE57BDDD-F6EC-46E2-9F85-F096E976C1EC}.Release|Any CPU.ActiveCfg = Release|Any CPU
		{BE57BDDD-F6EC-46E2-9F85-F096E976C1EC}.Release|Any CPU.Build.0 = Release|Any CPU
		{95940FB5-9893-48EE-B087-C6337F18822C}.Debug|Any CPU.ActiveCfg = Debug|Any CPU
		{95940FB5-9893-48EE-B087-C6337F18822C}.Debug|Any CPU.Build.0 = Debug|Any CPU
		{95940FB5-9893-48EE-B087-C6337F18822C}.Release|Any CPU.ActiveCfg = Release|Any CPU
		{95940FB5-9893-48EE-B087-C6337F18822C}.Release|Any CPU.Build.0 = Release|Any CPU
		{305C4F20-E572-4E8F-A8F1-FA354A82AD22}.Debug|Any CPU.ActiveCfg = Debug|Any CPU
		{305C4F20-E572-4E8F-A8F1-FA354A82AD22}.Debug|Any CPU.Build.0 = Debug|Any CPU
		{305C4F20-E572-4E8F-A8F1-FA354A82AD22}.Release|Any CPU.ActiveCfg = Release|Any CPU
		{305C4F20-E572-4E8F-A8F1-FA354A82AD22}.Release|Any CPU.Build.0 = Release|Any CPU
		{45A9A980-F9BE-4C3B-B56C-8F96127BF7C6}.Debug|Any CPU.ActiveCfg = Debug|Any CPU
		{45A9A980-F9BE-4C3B-B56C-8F96127BF7C6}.Debug|Any CPU.Build.0 = Debug|Any CPU
		{45A9A980-F9BE-4C3B-B56C-8F96127BF7C6}.Release|Any CPU.ActiveCfg = Release|Any CPU
		{45A9A980-F9BE-4C3B-B56C-8F96127BF7C6}.Release|Any CPU.Build.0 = Release|Any CPU
		{3B93E1F1-622D-43D3-B886-436D53F74AFC}.Debug|Any CPU.ActiveCfg = Debug|Any CPU
		{3B93E1F1-622D-43D3-B886-436D53F74AFC}.Debug|Any CPU.Build.0 = Debug|Any CPU
		{3B93E1F1-622D-43D3-B886-436D53F74AFC}.Release|Any CPU.ActiveCfg = Release|Any CPU
		{3B93E1F1-622D-43D3-B886-436D53F74AFC}.Release|Any CPU.Build.0 = Release|Any CPU
		{4D017C56-F6FE-401F-A5A2-928AE0C23A3E}.Debug|Any CPU.ActiveCfg = Debug|Any CPU
		{4D017C56-F6FE-401F-A5A2-928AE0C23A3E}.Debug|Any CPU.Build.0 = Debug|Any CPU
		{4D017C56-F6FE-401F-A5A2-928AE0C23A3E}.Release|Any CPU.ActiveCfg = Release|Any CPU
		{4D017C56-F6FE-401F-A5A2-928AE0C23A3E}.Release|Any CPU.Build.0 = Release|Any CPU
		{B92B7711-25B6-49DE-A535-DBB79AA16B63}.Debug|Any CPU.ActiveCfg = Debug|Any CPU
		{B92B7711-25B6-49DE-A535-DBB79AA16B63}.Debug|Any CPU.Build.0 = Debug|Any CPU
		{B92B7711-25B6-49DE-A535-DBB79AA16B63}.Release|Any CPU.ActiveCfg = Release|Any CPU
		{B92B7711-25B6-49DE-A535-DBB79AA16B63}.Release|Any CPU.Build.0 = Release|Any CPU
		{E3A45199-88BA-4CCE-9C84-FC9DBBA64B37}.Debug|Any CPU.ActiveCfg = Debug|Any CPU
		{E3A45199-88BA-4CCE-9C84-FC9DBBA64B37}.Debug|Any CPU.Build.0 = Debug|Any CPU
		{E3A45199-88BA-4CCE-9C84-FC9DBBA64B37}.Release|Any CPU.ActiveCfg = Release|Any CPU
		{E3A45199-88BA-4CCE-9C84-FC9DBBA64B37}.Release|Any CPU.Build.0 = Release|Any CPU
		{CB5747B1-5B3D-41FA-9A74-E531F5A26DEE}.Debug|Any CPU.ActiveCfg = Debug|Any CPU
		{CB5747B1-5B3D-41FA-9A74-E531F5A26DEE}.Debug|Any CPU.Build.0 = Debug|Any CPU
		{CB5747B1-5B3D-41FA-9A74-E531F5A26DEE}.Release|Any CPU.ActiveCfg = Release|Any CPU
		{CB5747B1-5B3D-41FA-9A74-E531F5A26DEE}.Release|Any CPU.Build.0 = Release|Any CPU
		{803E5D21-F194-4BDF-889E-1A6A951BD8ED}.Debug|Any CPU.ActiveCfg = Debug|Any CPU
		{803E5D21-F194-4BDF-889E-1A6A951BD8ED}.Debug|Any CPU.Build.0 = Debug|Any CPU
		{803E5D21-F194-4BDF-889E-1A6A951BD8ED}.Release|Any CPU.ActiveCfg = Release|Any CPU
		{803E5D21-F194-4BDF-889E-1A6A951BD8ED}.Release|Any CPU.Build.0 = Release|Any CPU
		{51F8105A-E69B-4A9B-89B4-1E36AFE1211D}.Debug|Any CPU.ActiveCfg = Debug|Any CPU
		{51F8105A-E69B-4A9B-89B4-1E36AFE1211D}.Debug|Any CPU.Build.0 = Debug|Any CPU
		{51F8105A-E69B-4A9B-89B4-1E36AFE1211D}.Release|Any CPU.ActiveCfg = Release|Any CPU
		{51F8105A-E69B-4A9B-89B4-1E36AFE1211D}.Release|Any CPU.Build.0 = Release|Any CPU
		{98DA527A-AC26-47B5-BF80-92FAA62D3988}.Debug|Any CPU.ActiveCfg = Debug|Any CPU
		{98DA527A-AC26-47B5-BF80-92FAA62D3988}.Debug|Any CPU.Build.0 = Debug|Any CPU
		{98DA527A-AC26-47B5-BF80-92FAA62D3988}.Release|Any CPU.ActiveCfg = Release|Any CPU
		{98DA527A-AC26-47B5-BF80-92FAA62D3988}.Release|Any CPU.Build.0 = Release|Any CPU
		{14513348-A938-4CF8-9FC4-06780BF07C72}.Debug|Any CPU.ActiveCfg = Debug|Any CPU
		{14513348-A938-4CF8-9FC4-06780BF07C72}.Debug|Any CPU.Build.0 = Debug|Any CPU
		{14513348-A938-4CF8-9FC4-06780BF07C72}.Release|Any CPU.ActiveCfg = Release|Any CPU
		{14513348-A938-4CF8-9FC4-06780BF07C72}.Release|Any CPU.Build.0 = Release|Any CPU
		{722B987B-C972-43A5-920E-02FCE43D7681}.Debug|Any CPU.ActiveCfg = Debug|Any CPU
		{722B987B-C972-43A5-920E-02FCE43D7681}.Debug|Any CPU.Build.0 = Debug|Any CPU
		{722B987B-C972-43A5-920E-02FCE43D7681}.Release|Any CPU.ActiveCfg = Release|Any CPU
		{722B987B-C972-43A5-920E-02FCE43D7681}.Release|Any CPU.Build.0 = Release|Any CPU
	EndGlobalSection
	GlobalSection(SolutionProperties) = preSolution
		HideSolutionNode = FALSE
	EndGlobalSection
	GlobalSection(NestedProjects) = preSolution
		{A31DF23C-56C6-4E11-980F-61D2786232C7} = {0B0B6534-7C18-4DCC-A417-E9EB3CB1C218}
		{1A1D014D-7DAC-4BA3-8281-FCB90C6E9BA9} = {0B0B6534-7C18-4DCC-A417-E9EB3CB1C218}
		{ED8D027E-868F-4B0F-948A-CCCE6A41412D} = {1A1D014D-7DAC-4BA3-8281-FCB90C6E9BA9}
		{96651845-9E49-4688-8D14-5B7DEB59F018} = {1A1D014D-7DAC-4BA3-8281-FCB90C6E9BA9}
		{0444730A-4BAC-4763-A22C-D0F260856D9B} = {ED8D027E-868F-4B0F-948A-CCCE6A41412D}
		{66E0EF14-2654-4A55-BB87-4B1C74F7E0A9} = {ED8D027E-868F-4B0F-948A-CCCE6A41412D}
		{BB5AE8BE-7BE1-4745-B2D8-142450F38120} = {ED8D027E-868F-4B0F-948A-CCCE6A41412D}
		{5C658001-1103-42F0-B08F-AAAA3C1EFFE2} = {ED8D027E-868F-4B0F-948A-CCCE6A41412D}
		{3644A938-DE05-40B7-8417-C8B6E5AB6CBA} = {ED8D027E-868F-4B0F-948A-CCCE6A41412D}
		{B7851507-4D11-4572-9D8A-D01320D370B3} = {ED8D027E-868F-4B0F-948A-CCCE6A41412D}
		{BEEEC732-9461-4B5B-B4A6-BADEE1653314} = {96651845-9E49-4688-8D14-5B7DEB59F018}
		{60C41ADF-CC3A-4EC7-A5B8-FC742DB39F8B} = {96651845-9E49-4688-8D14-5B7DEB59F018}
		{75B12218-9FCC-4804-8FD6-380D83AEC9FF} = {96651845-9E49-4688-8D14-5B7DEB59F018}
		{C6645A30-9BB5-46B0-A97F-B90A9F6DC77F} = {96651845-9E49-4688-8D14-5B7DEB59F018}
		{A87AC95F-A67B-4BC8-9CA0-20FC53F32E3A} = {96651845-9E49-4688-8D14-5B7DEB59F018}
		{9042613D-A752-4C1E-BF1E-3AA2047B3B39} = {96651845-9E49-4688-8D14-5B7DEB59F018}
		{58FD8631-1780-4179-B06D-DEC2BDC42C76} = {96651845-9E49-4688-8D14-5B7DEB59F018}
		{8B0C7E37-E179-453A-8D7A-44FEC6F64076} = {96651845-9E49-4688-8D14-5B7DEB59F018}
		{BE57BDDD-F6EC-46E2-9F85-F096E976C1EC} = {96651845-9E49-4688-8D14-5B7DEB59F018}
		{95940FB5-9893-48EE-B087-C6337F18822C} = {96651845-9E49-4688-8D14-5B7DEB59F018}
		{305C4F20-E572-4E8F-A8F1-FA354A82AD22} = {96651845-9E49-4688-8D14-5B7DEB59F018}
		{45A9A980-F9BE-4C3B-B56C-8F96127BF7C6} = {96651845-9E49-4688-8D14-5B7DEB59F018}
		{3B93E1F1-622D-43D3-B886-436D53F74AFC} = {96651845-9E49-4688-8D14-5B7DEB59F018}
		{4D017C56-F6FE-401F-A5A2-928AE0C23A3E} = {96651845-9E49-4688-8D14-5B7DEB59F018}
		{B92B7711-25B6-49DE-A535-DBB79AA16B63} = {96651845-9E49-4688-8D14-5B7DEB59F018}
		{E3A45199-88BA-4CCE-9C84-FC9DBBA64B37} = {0B0B6534-7C18-4DCC-A417-E9EB3CB1C218}
		{CB5747B1-5B3D-41FA-9A74-E531F5A26DEE} = {0B0B6534-7C18-4DCC-A417-E9EB3CB1C218}
		{803E5D21-F194-4BDF-889E-1A6A951BD8ED} = {0B0B6534-7C18-4DCC-A417-E9EB3CB1C218}
		{51F8105A-E69B-4A9B-89B4-1E36AFE1211D} = {EFC53EAE-C0FF-40F6-B2D9-A7D953725870}
		{98DA527A-AC26-47B5-BF80-92FAA62D3988} = {109D0193-3161-42E0-A48E-4AA7282AB9F3}
		{14513348-A938-4CF8-9FC4-06780BF07C72} = {109D0193-3161-42E0-A48E-4AA7282AB9F3}
		{722B987B-C972-43A5-920E-02FCE43D7681} = {EFC53EAE-C0FF-40F6-B2D9-A7D953725870}
	EndGlobalSection
	GlobalSection(ExtensibilityGlobals) = postSolution
		SolutionGuid = {EF730793-C36F-463C-B7C4-8A2A7A5CF158}
	EndGlobalSection
EndGlobal
